
Microsoft Visual Studio Solution File, Format Version 12.00
# Visual Studio 15
VisualStudioVersion = 15.0.28010.2041
MinimumVisualStudioVersion = 10.0.40219.1
Project("{9A19103F-16F7-4668-BE54-9A1E7A4F7556}") = "WebApplication", "WebApplication\WebApplication.csproj", "{05F4584F-CD03-4DC6-ACF6-F98AFB7ECCAB}"
EndProject
Global
	GlobalSection(SolutionConfigurationPlatforms) = preSolution
		Debug|Any CPU = Debug|Any CPU
		Release|Any CPU = Release|Any CPU
	EndGlobalSection
	GlobalSection(ProjectConfigurationPlatforms) = postSolution
		{05F4584F-CD03-4DC6-ACF6-F98AFB7ECCAB}.Debug|Any CPU.ActiveCfg = Debug|Any CPU
		{05F4584F-CD03-4DC6-ACF6-F98AFB7ECCAB}.Debug|Any CPU.Build.0 = Debug|Any CPU
		{05F4584F-CD03-4DC6-ACF6-F98AFB7ECCAB}.Release|Any CPU.ActiveCfg = Release|Any CPU
		{05F4584F-CD03-4DC6-ACF6-F98AFB7ECCAB}.Release|Any CPU.Build.0 = Release|Any CPU
	EndGlobalSection
	GlobalSection(SolutionProperties) = preSolution
		HideSolutionNode = FALSE
	EndGlobalSection
	GlobalSection(ExtensibilityGlobals) = postSolution
		SolutionGuid = {3957E7CA-6BF9-4854-9B6D-F70201C0373D}
	EndGlobalSection
EndGlobal
